<?xml version="1.0" encoding="utf-8"?>
<Project ToolsVersion="4.0" xmlns="http://schemas.microsoft.com/developer/msbuild/2003">
  <ItemGroup>
    <Filter Include="源文件">
      <UniqueIdentifier>{4FC737F1-C7A5-4376-A066-2A32D752A2FF}</UniqueIdentifier>
      <Extensions>cpp;c;cc;cxx;def;odl;idl;hpj;bat;asm;asmx</Extensions>
    </Filter>
    <Filter Include="头文件">
      <UniqueIdentifier>{93995380-89BD-4b04-88EB-625FBE52EBFB}</UniqueIdentifier>
      <Extensions>h;hh;hpp;hxx;hm;inl;inc;xsd</Extensions>
    </Filter>
    <Filter Include="资源文件">
      <UniqueIdentifier>{67DA6AB6-F800-4c08-8B7A-83BB121AAD01}</UniqueIdentifier>
      <Extensions>rc;ico;cur;bmp;dlg;rc2;rct;bin;rgs;gif;jpg;jpeg;jpe;resx;tiff;tif;png;wav;mfcribbon-ms</Extensions>
    </Filter>
  </ItemGroup>
  <ItemGroup>
    <ClCompile Include="Bitmap.cpp">
      <Filter>源文件</Filter>
    </ClCompile>
    <ClCompile Include="Camera.cpp">
      <Filter>源文件</Filter>
    </ClCompile>
    <ClCompile Include="ColorShader.cpp">
      <Filter>源文件</Filter>
    </ClCompile>
    <ClCompile Include="Font.cpp">
      <Filter>源文件</Filter>
    </ClCompile>
    <ClCompile Include="FontShader.cpp">
      <Filter>源文件</Filter>
    </ClCompile>
    <ClCompile Include="Graphics.cpp">
      <Filter>源文件</Filter>
    </ClCompile>
    <ClCompile Include="GraphicsDriverD3D11.cpp">
      <Filter>源文件</Filter>
    </ClCompile>
    <ClCompile Include="Input.cpp">
      <Filter>源文件</Filter>
    </ClCompile>
    <ClCompile Include="Light.cpp">
      <Filter>源文件</Filter>
    </ClCompile>
    <ClCompile Include="LightShader.cpp">
      <Filter>源文件</Filter>
    </ClCompile>
    <ClCompile Include="main.cpp">
      <Filter>源文件</Filter>
    </ClCompile>
    <ClCompile Include="Mesh.cpp">
      <Filter>源文件</Filter>
    </ClCompile>
    <ClCompile Include="Root.cpp">
      <Filter>源文件</Filter>
    </ClCompile>
    <ClCompile Include="TextMesh.cpp">
      <Filter>源文件</Filter>
    </ClCompile>
    <ClCompile Include="Texture.cpp">
      <Filter>源文件</Filter>
    </ClCompile>
    <ClCompile Include="TextureShader.cpp">
      <Filter>源文件</Filter>
    </ClCompile>
    <ClCompile Include="Window.cpp">
      <Filter>源文件</Filter>
    </ClCompile>
  </ItemGroup>
  <ItemGroup>
    <ClInclude Include="Bitmap.h">
      <Filter>头文件</Filter>
    </ClInclude>
    <ClInclude Include="Camera.h">
      <Filter>头文件</Filter>
    </ClInclude>
    <ClInclude Include="ColorShader.h">
      <Filter>头文件</Filter>
    </ClInclude>
    <ClInclude Include="Common.h">
      <Filter>头文件</Filter>
    </ClInclude>
    <ClInclude Include="Font.h">
      <Filter>头文件</Filter>
    </ClInclude>
    <ClInclude Include="FontShader.h">
      <Filter>头文件</Filter>
    </ClInclude>
    <ClInclude Include="Graphics.h">
      <Filter>头文件</Filter>
    </ClInclude>
    <ClInclude Include="GraphicsDriverD3D11.h">
      <Filter>头文件</Filter>
    </ClInclude>
    <ClInclude Include="Input.h">
      <Filter>头文件</Filter>
    </ClInclude>
    <ClInclude Include="Light.h">
      <Filter>头文件</Filter>
    </ClInclude>
    <ClInclude Include="LightShader.h">
      <Filter>头文件</Filter>
    </ClInclude>
    <ClInclude Include="Mesh.h">
      <Filter>头文件</Filter>
    </ClInclude>
    <ClInclude Include="Root.h">
      <Filter>头文件</Filter>
    </ClInclude>
    <ClInclude Include="TextMesh.h">
      <Filter>头文件</Filter>
    </ClInclude>
    <ClInclude Include="Texture.h">
      <Filter>头文件</Filter>
    </ClInclude>
    <ClInclude Include="TextureShader.h">
      <Filter>头文件</Filter>
    </ClInclude>
    <ClInclude Include="Window.h">
      <Filter>头文件</Filter>
    </ClInclude>
  </ItemGroup>
  <ItemGroup>
    <None Include="ColorShader.ps">
      <Filter>资源文件</Filter>
    </None>
    <None Include="ColorShader.vs">
      <Filter>资源文件</Filter>
    </None>
    <None Include="FontShader.ps">
      <Filter>资源文件</Filter>
    </None>
    <None Include="FontShader.vs">
      <Filter>资源文件</Filter>
    </None>
    <None Include="LightShader.ps">
      <Filter>资源文件</Filter>
    </None>
    <None Include="LightShader.vs">
      <Filter>资源文件</Filter>
    </None>
    <None Include="TextureShader.ps">
      <Filter>资源文件</Filter>
    </None>
    <None Include="TextureShader.vs">
      <Filter>资源文件</Filter>
    </None>
  </ItemGroup>
  <ItemGroup>
    <Text Include="Cube.txt">
      <Filter>资源文件</Filter>
    </Text>
    <Text Include="font.txt">
      <Filter>资源文件</Filter>
    </Text>
  </ItemGroup>
  <ItemGroup>
    <Image Include="font.dds">
      <Filter>资源文件</Filter>
    </Image>
    <Image Include="seafloor.dds">
      <Filter>资源文件</Filter>
    </Image>
  </ItemGroup>
</Project>